
Microsoft Visual Studio Solution File, Format Version 12.00
# Visual Studio Version 16
VisualStudioVersion = 16.0.29609.76
MinimumVisualStudioVersion = 10.0.40219.1
Project("{FAE04EC0-301F-11D3-BF4B-00C04F79EFBC}") = "selahattin", "selahattin\selahattin.csproj", "{DE90054B-F07F-4D74-9FD7-A024134E54A2}"
EndProject
Global
	GlobalSection(SolutionConfigurationPlatforms) = preSolution
		Debug|Any CPU = Debug|Any CPU
		Release|Any CPU = Release|Any CPU
	EndGlobalSection
	GlobalSection(ProjectConfigurationPlatforms) = postSolution
		{DE90054B-F07F-4D74-9FD7-A024134E54A2}.Debug|Any CPU.ActiveCfg = Debug|Any CPU
		{DE90054B-F07F-4D74-9FD7-A024134E54A2}.Debug|Any CPU.Build.0 = Debug|Any CPU
		{DE90054B-F07F-4D74-9FD7-A024134E54A2}.Release|Any CPU.ActiveCfg = Release|Any CPU
		{DE90054B-F07F-4D74-9FD7-A024134E54A2}.Release|Any CPU.Build.0 = Release|Any CPU
	EndGlobalSection
	GlobalSection(SolutionProperties) = preSolution
		HideSolutionNode = FALSE
	EndGlobalSection
	GlobalSection(ExtensibilityGlobals) = postSolution
		SolutionGuid = {104DA1CD-55B2-4EDF-B7C7-8178B280AE05}
	EndGlobalSection
EndGlobal
